
Microsoft Visual Studio Solution File, Format Version 12.00
# Visual Studio Version 16
VisualStudioVersion = 16.0.31424.327
MinimumVisualStudioVersion = 10.0.40219.1
Project("{9A19103F-16F7-4668-BE54-9A1E7A4F7556}") = "ClassBoxData", "ClassBoxData\ClassBoxData.csproj", "{D51D64EF-90E6-40E6-AB0F-B5404F6BF36C}"
EndProject
Project("{FAE04EC0-301F-11D3-BF4B-00C04F79EFBC}") = "ShoppingSpree", "ShoppingSpree\ShoppingSpree.csproj", "{51A3966C-9453-4863-939C-2078779EFD93}"
EndProject
Project("{FAE04EC0-301F-11D3-BF4B-00C04F79EFBC}") = "PizzaCalories", "PizzaCalories\PizzaCalories.csproj", "{515237CA-166B-4206-90CA-6C7560C5EF18}"
EndProject
Global
	GlobalSection(SolutionConfigurationPlatforms) = preSolution
		Debug|Any CPU = Debug|Any CPU
		Release|Any CPU = Release|Any CPU
	EndGlobalSection
	GlobalSection(ProjectConfigurationPlatforms) = postSolution
		{D51D64EF-90E6-40E6-AB0F-B5404F6BF36C}.Debug|Any CPU.ActiveCfg = Debug|Any CPU
		{D51D64EF-90E6-40E6-AB0F-B5404F6BF36C}.Debug|Any CPU.Build.0 = Debug|Any CPU
		{D51D64EF-90E6-40E6-AB0F-B5404F6BF36C}.Release|Any CPU.ActiveCfg = Release|Any CPU
		{D51D64EF-90E6-40E6-AB0F-B5404F6BF36C}.Release|Any CPU.Build.0 = Release|Any CPU
		{51A3966C-9453-4863-939C-2078779EFD93}.Debug|Any CPU.ActiveCfg = Debug|Any CPU
		{51A3966C-9453-4863-939C-2078779EFD93}.Debug|Any CPU.Build.0 = Debug|Any CPU
		{51A3966C-9453-4863-939C-2078779EFD93}.Release|Any CPU.ActiveCfg = Release|Any CPU
		{51A3966C-9453-4863-939C-2078779EFD93}.Release|Any CPU.Build.0 = Release|Any CPU
		{515237CA-166B-4206-90CA-6C7560C5EF18}.Debug|Any CPU.ActiveCfg = Debug|Any CPU
		{515237CA-166B-4206-90CA-6C7560C5EF18}.Debug|Any CPU.Build.0 = Debug|Any CPU
		{515237CA-166B-4206-90CA-6C7560C5EF18}.Release|Any CPU.ActiveCfg = Release|Any CPU
		{515237CA-166B-4206-90CA-6C7560C5EF18}.Release|Any CPU.Build.0 = Release|Any CPU
	EndGlobalSection
	GlobalSection(SolutionProperties) = preSolution
		HideSolutionNode = FALSE
	EndGlobalSection
	GlobalSection(ExtensibilityGlobals) = postSolution
		SolutionGuid = {43CBEED3-C383-4E98-88AF-8F1893AD713F}
	EndGlobalSection
EndGlobal
