
Microsoft Visual Studio Solution File, Format Version 12.00
# Visual Studio Version 16
VisualStudioVersion = 16.0.30907.101
MinimumVisualStudioVersion = 10.0.40219.1
Project("{9A19103F-16F7-4668-BE54-9A1E7A4F7556}") = "01.SortNumbers", "01.SortNumbers\01.SortNumbers.csproj", "{0A8B23ED-113D-4531-9362-80840146A388}"
EndProject
Project("{9A19103F-16F7-4668-BE54-9A1E7A4F7556}") = "02.EnglishNameOfTheLastDigit", "02.EnglishNameOfTheLastDigit\02.EnglishNameOfTheLastDigit.csproj", "{E6652742-6BBA-4DC7-AEBE-65170CD2FC0E}"
EndProject
Project("{FAE04EC0-301F-11D3-BF4B-00C04F79EFBC}") = "03.GamingStore", "03.GamingStore\03.GamingStore.csproj", "{6C4545BD-6FA4-4974-9E26-F730C5BE29F4}"
EndProject
Project("{FAE04EC0-301F-11D3-BF4B-00C04F79EFBC}") = "04.ReverseString", "04.ReverseString\04.ReverseString.csproj", "{4BB674A7-108B-4201-9D4D-2983E2CEC1C2}"
EndProject
Project("{FAE04EC0-301F-11D3-BF4B-00C04F79EFBC}") = "05.Messages", "05.Messages\05.Messages.csproj", "{A094B44D-CE46-4717-AB7E-45A26DD56B73}"
EndProject
Global
	GlobalSection(SolutionConfigurationPlatforms) = preSolution
		Debug|Any CPU = Debug|Any CPU
		Release|Any CPU = Release|Any CPU
	EndGlobalSection
	GlobalSection(ProjectConfigurationPlatforms) = postSolution
		{0A8B23ED-113D-4531-9362-80840146A388}.Debug|Any CPU.ActiveCfg = Debug|Any CPU
		{0A8B23ED-113D-4531-9362-80840146A388}.Debug|Any CPU.Build.0 = Debug|Any CPU
		{0A8B23ED-113D-4531-9362-80840146A388}.Release|Any CPU.ActiveCfg = Release|Any CPU
		{0A8B23ED-113D-4531-9362-80840146A388}.Release|Any CPU.Build.0 = Release|Any CPU
		{E6652742-6BBA-4DC7-AEBE-65170CD2FC0E}.Debug|Any CPU.ActiveCfg = Debug|Any CPU
		{E6652742-6BBA-4DC7-AEBE-65170CD2FC0E}.Debug|Any CPU.Build.0 = Debug|Any CPU
		{E6652742-6BBA-4DC7-AEBE-65170CD2FC0E}.Release|Any CPU.ActiveCfg = Release|Any CPU
		{E6652742-6BBA-4DC7-AEBE-65170CD2FC0E}.Release|Any CPU.Build.0 = Release|Any CPU
		{6C4545BD-6FA4-4974-9E26-F730C5BE29F4}.Debug|Any CPU.ActiveCfg = Debug|Any CPU
		{6C4545BD-6FA4-4974-9E26-F730C5BE29F4}.Debug|Any CPU.Build.0 = Debug|Any CPU
		{6C4545BD-6FA4-4974-9E26-F730C5BE29F4}.Release|Any CPU.ActiveCfg = Release|Any CPU
		{6C4545BD-6FA4-4974-9E26-F730C5BE29F4}.Release|Any CPU.Build.0 = Release|Any CPU
		{4BB674A7-108B-4201-9D4D-2983E2CEC1C2}.Debug|Any CPU.ActiveCfg = Debug|Any CPU
		{4BB674A7-108B-4201-9D4D-2983E2CEC1C2}.Debug|Any CPU.Build.0 = Debug|Any CPU
		{4BB674A7-108B-4201-9D4D-2983E2CEC1C2}.Release|Any CPU.ActiveCfg = Release|Any CPU
		{4BB674A7-108B-4201-9D4D-2983E2CEC1C2}.Release|Any CPU.Build.0 = Release|Any CPU
		{A094B44D-CE46-4717-AB7E-45A26DD56B73}.Debug|Any CPU.ActiveCfg = Debug|Any CPU
		{A094B44D-CE46-4717-AB7E-45A26DD56B73}.Debug|Any CPU.Build.0 = Debug|Any CPU
		{A094B44D-CE46-4717-AB7E-45A26DD56B73}.Release|Any CPU.ActiveCfg = Release|Any CPU
		{A094B44D-CE46-4717-AB7E-45A26DD56B73}.Release|Any CPU.Build.0 = Release|Any CPU
	EndGlobalSection
	GlobalSection(SolutionProperties) = preSolution
		HideSolutionNode = FALSE
	EndGlobalSection
	GlobalSection(ExtensibilityGlobals) = postSolution
		SolutionGuid = {D829C48A-BFE8-4F29-BDE6-FACDF28C781C}
	EndGlobalSection
EndGlobal
