
Microsoft Visual Studio Solution File, Format Version 12.00
# Visual Studio Version 16
VisualStudioVersion = 16.0.31424.327
MinimumVisualStudioVersion = 10.0.40219.1
Project("{9A19103F-16F7-4668-BE54-9A1E7A4F7556}") = "Raiding", "Raiding\Raiding.csproj", "{95903885-DADD-4EA4-8C6B-7715CF974DB9}"
EndProject
Project("{9A19103F-16F7-4668-BE54-9A1E7A4F7556}") = "WildFarm", "WildFarm\WildFarm.csproj", "{5D51976E-1916-4A61-B03E-C814BF30D183}"
EndProject
Project("{FAE04EC0-301F-11D3-BF4B-00C04F79EFBC}") = "Vehicles", "Vehicles\Vehicles.csproj", "{98F96B18-3EA2-4D9A-9CFF-AD43A9716CD0}"
EndProject
Global
	GlobalSection(SolutionConfigurationPlatforms) = preSolution
		Debug|Any CPU = Debug|Any CPU
		Release|Any CPU = Release|Any CPU
	EndGlobalSection
	GlobalSection(ProjectConfigurationPlatforms) = postSolution
		{95903885-DADD-4EA4-8C6B-7715CF974DB9}.Debug|Any CPU.ActiveCfg = Debug|Any CPU
		{95903885-DADD-4EA4-8C6B-7715CF974DB9}.Debug|Any CPU.Build.0 = Debug|Any CPU
		{95903885-DADD-4EA4-8C6B-7715CF974DB9}.Release|Any CPU.ActiveCfg = Release|Any CPU
		{95903885-DADD-4EA4-8C6B-7715CF974DB9}.Release|Any CPU.Build.0 = Release|Any CPU
		{5D51976E-1916-4A61-B03E-C814BF30D183}.Debug|Any CPU.ActiveCfg = Debug|Any CPU
		{5D51976E-1916-4A61-B03E-C814BF30D183}.Debug|Any CPU.Build.0 = Debug|Any CPU
		{5D51976E-1916-4A61-B03E-C814BF30D183}.Release|Any CPU.ActiveCfg = Release|Any CPU
		{5D51976E-1916-4A61-B03E-C814BF30D183}.Release|Any CPU.Build.0 = Release|Any CPU
		{98F96B18-3EA2-4D9A-9CFF-AD43A9716CD0}.Debug|Any CPU.ActiveCfg = Debug|Any CPU
		{98F96B18-3EA2-4D9A-9CFF-AD43A9716CD0}.Debug|Any CPU.Build.0 = Debug|Any CPU
		{98F96B18-3EA2-4D9A-9CFF-AD43A9716CD0}.Release|Any CPU.ActiveCfg = Release|Any CPU
		{98F96B18-3EA2-4D9A-9CFF-AD43A9716CD0}.Release|Any CPU.Build.0 = Release|Any CPU
	EndGlobalSection
	GlobalSection(SolutionProperties) = preSolution
		HideSolutionNode = FALSE
	EndGlobalSection
	GlobalSection(ExtensibilityGlobals) = postSolution
		SolutionGuid = {F4C88204-527C-4B2F-98CF-6C91541014BF}
	EndGlobalSection
EndGlobal
